{
  "originHash" : "e5515beeee583116ed7e962bce88a6fd2be4caa425fb57d448ce4bd02012596c",
  "pins" : [
    {
      "identity" : "flow",
      "kind" : "remoteSourceControl",
      "location" : "https://github.com/toastersocks/Flow.git",
      "state" : {
        "revision" : "5c1b99acf390ace87006e065b14f9bdcdd27fdbb",
        "version" : "1.2.3"
      }
    },
    {
      "identity" : "helpers",
      "kind" : "remoteSourceControl",
      "location" : "https://github.com/toastersocks/Helpers.git",
      "state" : {
        "revision" : "52df24e5a65767dc9bc50b2a0cd1f53fb9203ff8",
        "version" : "1.0.0"
      }
    }
  ],
  "version" : 3
}
