{
  "pins" : [
    {
      "identity" : "helpers",
      "kind" : "remoteSourceControl",
      "location" : "https://github.com/toastersocks/Helpers.git",
      "state" : {
        "revision" : "3005bafcbcc702361c5d0e1ef0a330642aa13301",
        "version" : "0.4.0"
      }
    }
  ],
  "version" : 2
}
